
Microsoft Visual Studio Solution File, Format Version 12.00
# Visual Studio 15
VisualStudioVersion = 15.0.28307.438
MinimumVisualStudioVersion = 10.0.40219.1
Project("{FAE04EC0-301F-11D3-BF4B-00C04F79EFBC}") = "OBG", "OBG\OBG.csproj", "{C8BE489E-4D56-4A05-B385-AD2F2326EC4F}"
EndProject
Global
	GlobalSection(SolutionConfigurationPlatforms) = preSolution
		Debug|x86 = Debug|x86
		Release|x86 = Release|x86
	EndGlobalSection
	GlobalSection(ProjectConfigurationPlatforms) = postSolution
		{C8BE489E-4D56-4A05-B385-AD2F2326EC4F}.Debug|x86.ActiveCfg = Debug|x86
		{C8BE489E-4D56-4A05-B385-AD2F2326EC4F}.Debug|x86.Build.0 = Debug|x86
		{C8BE489E-4D56-4A05-B385-AD2F2326EC4F}.Release|x86.ActiveCfg = Release|x86
		{C8BE489E-4D56-4A05-B385-AD2F2326EC4F}.Release|x86.Build.0 = Release|x86
	EndGlobalSection
	GlobalSection(SolutionProperties) = preSolution
		HideSolutionNode = FALSE
	EndGlobalSection
	GlobalSection(ExtensibilityGlobals) = postSolution
		SolutionGuid = {9CB5F368-F355-4D6E-8E28-1A2715BC414E}
	EndGlobalSection
EndGlobal
